
Microsoft Visual Studio Solution File, Format Version 12.00
# Visual Studio Version 17
VisualStudioVersion = 17.3.32922.545
MinimumVisualStudioVersion = 10.0.40219.1
Project("{FAE04EC0-301F-11D3-BF4B-00C04F79EFBC}") = "DosyaIslemleri", "DosyaIslemleri.csproj", "{66958D0D-74D1-41B5-B336-C8E01D94D39C}"
EndProject
Global
	GlobalSection(SolutionConfigurationPlatforms) = preSolution
		Debug|Any CPU = Debug|Any CPU
		Release|Any CPU = Release|Any CPU
	EndGlobalSection
	GlobalSection(ProjectConfigurationPlatforms) = postSolution
		{66958D0D-74D1-41B5-B336-C8E01D94D39C}.Debug|Any CPU.ActiveCfg = Debug|Any CPU
		{66958D0D-74D1-41B5-B336-C8E01D94D39C}.Debug|Any CPU.Build.0 = Debug|Any CPU
		{66958D0D-74D1-41B5-B336-C8E01D94D39C}.Release|Any CPU.ActiveCfg = Release|Any CPU
		{66958D0D-74D1-41B5-B336-C8E01D94D39C}.Release|Any CPU.Build.0 = Release|Any CPU
	EndGlobalSection
	GlobalSection(SolutionProperties) = preSolution
		HideSolutionNode = FALSE
	EndGlobalSection
	GlobalSection(ExtensibilityGlobals) = postSolution
		SolutionGuid = {35C5F863-C208-4EF9-A337-7D4DB37418C3}
	EndGlobalSection
EndGlobal
